
Microsoft Visual Studio Solution File, Format Version 12.00
# Visual Studio Version 16
VisualStudioVersion = 16.0.30011.22
MinimumVisualStudioVersion = 10.0.40219.1
Project("{FAE04EC0-301F-11D3-BF4B-00C04F79EFBC}") = "FlowersSale", "FlowersSale.csproj", "{03BA83E2-77A1-4830-B9DD-64238D3B16A5}"
EndProject
Global
	GlobalSection(SolutionConfigurationPlatforms) = preSolution
		Debug|Any CPU = Debug|Any CPU
		Release|Any CPU = Release|Any CPU
	EndGlobalSection
	GlobalSection(ProjectConfigurationPlatforms) = postSolution
		{03BA83E2-77A1-4830-B9DD-64238D3B16A5}.Debug|Any CPU.ActiveCfg = Debug|Any CPU
		{03BA83E2-77A1-4830-B9DD-64238D3B16A5}.Debug|Any CPU.Build.0 = Debug|Any CPU
		{03BA83E2-77A1-4830-B9DD-64238D3B16A5}.Release|Any CPU.ActiveCfg = Release|Any CPU
		{03BA83E2-77A1-4830-B9DD-64238D3B16A5}.Release|Any CPU.Build.0 = Release|Any CPU
	EndGlobalSection
	GlobalSection(SolutionProperties) = preSolution
		HideSolutionNode = FALSE
	EndGlobalSection
	GlobalSection(ExtensibilityGlobals) = postSolution
		SolutionGuid = {0D75D3A1-4D1C-4587-98F5-81AB4ED02255}
	EndGlobalSection
EndGlobal
